// !$*UTF8*$!
{
	archiveVersion = 1;
	classes = {
	};
	objectVersion = 56;
	objects = {

/* Begin PBXBuildFile section */
		71305CC32B4E65DC00E28FDA /* hello_worldApp.swift in Sources */ = {isa = PBXBuildFile; fileRef = 71305CC22B4E65DC00E28FDA /* hello_worldApp.swift */; };
		71305CC92B4E65DD00E28FDA /* Assets.xcassets in Resources */ = {isa = PBXBuildFile; fileRef = 71305CC82B4E65DD00E28FDA /* Assets.xcassets */; };
		71305CCC2B4E65DD00E28FDA /* Preview Assets.xcassets in Resources */ = {isa = PBXBuildFile; fileRef = 71305CCB2B4E65DD00E28FDA /* Preview Assets.xcassets */; };
		71305CD62B4E65DE00E28FDA /* hello_worldTests.swift in Sources */ = {isa = PBXBuildFile; fileRef = 71305CD52B4E65DE00E28FDA /* hello_worldTests.swift */; };
		71305CE02B4E65DE00E28FDA /* hello_worldUITests.swift in Sources */ = {isa = PBXBuildFile; fileRef = 71305CDF2B4E65DE00E28FDA /* hello_worldUITests.swift */; };
		71305CE22B4E65DE00E28FDA /* hello_worldUITestsLaunchTests.swift in Sources */ = {isa = PBXBuildFile; fileRef = 71305CE12B4E65DE00E28FDA /* hello_worldUITestsLaunchTests.swift */; };
		71319D8D2B5BD10B007C253B /* WeatherAPIService.swift in Sources */ = {isa = PBXBuildFile; fileRef = 71319D8C2B5BD10B007C253B /* WeatherAPIService.swift */; };
		71319D8F2B5BDE4B007C253B /* DataViewModel.swift in Sources */ = {isa = PBXBuildFile; fileRef = 71319D8E2B5BDE4B007C253B /* DataViewModel.swift */; };
		71319D912B5C168D007C253B /* WeatherResponse.swift in Sources */ = {isa = PBXBuildFile; fileRef = 71319D902B5C168D007C253B /* WeatherResponse.swift */; };
		71319D932B5F059E007C253B /* WeatherViewModel.swift in Sources */ = {isa = PBXBuildFile; fileRef = 71319D922B5F059E007C253B /* WeatherViewModel.swift */; };
/* End PBXBuildFile section */

/* Begin PBXContainerItemProxy section */
		71305CD22B4E65DE00E28FDA /* PBXContainerItemProxy */ = {
			isa = PBXContainerItemProxy;
			containerPortal = 71305CB72B4E65DC00E28FDA /* Project object */;
			proxyType = 1;
			remoteGlobalIDString = 71305CBE2B4E65DC00E28FDA;
			remoteInfo = hello_world;
		};
		71305CDC2B4E65DE00E28FDA /* PBXContainerItemProxy */ = {
			isa = PBXContainerItemProxy;
			containerPortal = 71305CB72B4E65DC00E28FDA /* Project object */;
			proxyType = 1;
			remoteGlobalIDString = 71305CBE2B4E65DC00E28FDA;
			remoteInfo = hello_world;
		};
/* End PBXContainerItemProxy section */

/* Begin PBXFileReference section */
		71305CBF2B4E65DC00E28FDA /* hello_world.app */ = {isa = PBXFileReference; explicitFileType = wrapper.application; includeInIndex = 0; path = hello_world.app; sourceTree = BUILT_PRODUCTS_DIR; };
		71305CC22B4E65DC00E28FDA /* hello_worldApp.swift */ = {isa = PBXFileReference; lastKnownFileType = sourcecode.swift; path = hello_worldApp.swift; sourceTree = "<group>"; };
		71305CC82B4E65DD00E28FDA /* Assets.xcassets */ = {isa = PBXFileReference; lastKnownFileType = folder.assetcatalog; path = Assets.xcassets; sourceTree = "<group>"; };
		71305CCB2B4E65DD00E28FDA /* Preview Assets.xcassets */ = {isa = PBXFileReference; lastKnownFileType = folder.assetcatalog; path = "Preview Assets.xcassets"; sourceTree = "<group>"; };
		71305CD12B4E65DE00E28FDA /* hello_worldTests.xctest */ = {isa = PBXFileReference; explicitFileType = wrapper.cfbundle; includeInIndex = 0; path = hello_worldTests.xctest; sourceTree = BUILT_PRODUCTS_DIR; };
		71305CD52B4E65DE00E28FDA /* hello_worldTests.swift */ = {isa = PBXFileReference; lastKnownFileType = sourcecode.swift; path = hello_worldTests.swift; sourceTree = "<group>"; };
		71305CDB2B4E65DE00E28FDA /* hello_worldUITests.xctest */ = {isa = PBXFileReference; explicitFileType = wrapper.cfbundle; includeInIndex = 0; path = hello_worldUITests.xctest; sourceTree = BUILT_PRODUCTS_DIR; };
		71305CDF2B4E65DE00E28FDA /* hello_worldUITests.swift */ = {isa = PBXFileReference; lastKnownFileType = sourcecode.swift; path = hello_worldUITests.swift; sourceTree = "<group>"; };
		71305CE12B4E65DE00E28FDA /* hello_worldUITestsLaunchTests.swift */ = {isa = PBXFileReference; lastKnownFileType = sourcecode.swift; path = hello_worldUITestsLaunchTests.swift; sourceTree = "<group>"; };
		71319D8B2B5BD098007C253B /* hello-world-Info.plist */ = {isa = PBXFileReference; lastKnownFileType = text.plist; path = "hello-world-Info.plist"; sourceTree = SOURCE_ROOT; };
		71319D8C2B5BD10B007C253B /* WeatherAPIService.swift */ = {isa = PBXFileReference; lastKnownFileType = sourcecode.swift; path = WeatherAPIService.swift; sourceTree = "<group>"; };
		71319D8E2B5BDE4B007C253B /* DataViewModel.swift */ = {isa = PBXFileReference; lastKnownFileType = sourcecode.swift; path = DataViewModel.swift; sourceTree = "<group>"; };
		71319D902B5C168D007C253B /* WeatherResponse.swift */ = {isa = PBXFileReference; lastKnownFileType = sourcecode.swift; path = WeatherResponse.swift; sourceTree = "<group>"; };
		71319D922B5F059E007C253B /* WeatherViewModel.swift */ = {isa = PBXFileReference; lastKnownFileType = sourcecode.swift; path = WeatherViewModel.swift; sourceTree = "<group>"; };
/* End PBXFileReference section */

/* Begin PBXFrameworksBuildPhase section */
		71305CBC2B4E65DC00E28FDA /* Frameworks */ = {
			isa = PBXFrameworksBuildPhase;
			buildActionMask = 2147483647;
			files = (
			);
			runOnlyForDeploymentPostprocessing = 0;
		};
		71305CCE2B4E65DE00E28FDA /* Frameworks */ = {
			isa = PBXFrameworksBuildPhase;
			buildActionMask = 2147483647;
			files = (
			);
			runOnlyForDeploymentPostprocessing = 0;
		};
		71305CD82B4E65DE00E28FDA /* Frameworks */ = {
			isa = PBXFrameworksBuildPhase;
			buildActionMask = 2147483647;
			files = (
			);
			runOnlyForDeploymentPostprocessing = 0;
		};
/* End PBXFrameworksBuildPhase section */

/* Begin PBXGroup section */
		71305CB62B4E65DC00E28FDA = {
			isa = PBXGroup;
			children = (
				71305CC12B4E65DC00E28FDA /* hello_world */,
				71305CD42B4E65DE00E28FDA /* hello_worldTests */,
				71305CDE2B4E65DE00E28FDA /* hello_worldUITests */,
				71305CC02B4E65DC00E28FDA /* Products */,
			);
			sourceTree = "<group>";
		};
		71305CC02B4E65DC00E28FDA /* Products */ = {
			isa = PBXGroup;
			children = (
				71305CBF2B4E65DC00E28FDA /* hello_world.app */,
				71305CD12B4E65DE00E28FDA /* hello_worldTests.xctest */,
				71305CDB2B4E65DE00E28FDA /* hello_worldUITests.xctest */,
			);
			name = Products;
			sourceTree = "<group>";
		};
		71305CC12B4E65DC00E28FDA /* hello_world */ = {
			isa = PBXGroup;
			children = (
				71319D8B2B5BD098007C253B /* hello-world-Info.plist */,
				71305CC22B4E65DC00E28FDA /* hello_worldApp.swift */,
				71305CC82B4E65DD00E28FDA /* Assets.xcassets */,
				71305CCA2B4E65DD00E28FDA /* Preview Content */,
				71319D8C2B5BD10B007C253B /* WeatherAPIService.swift */,
				71319D8E2B5BDE4B007C253B /* DataViewModel.swift */,
				71319D902B5C168D007C253B /* WeatherResponse.swift */,
				71319D922B5F059E007C253B /* WeatherViewModel.swift */,
			);
			path = hello_world;
			sourceTree = "<group>";
		};
		71305CCA2B4E65DD00E28FDA /* Preview Content */ = {
			isa = PBXGroup;
			children = (
				71305CCB2B4E65DD00E28FDA /* Preview Assets.xcassets */,
			);
			path = "Preview Content";
			sourceTree = "<group>";
		};
		71305CD42B4E65DE00E28FDA /* hello_worldTests */ = {
			isa = PBXGroup;
			children = (
				71305CD52B4E65DE00E28FDA /* hello_worldTests.swift */,
			);
			path = hello_worldTests;
			sourceTree = "<group>";
		};
		71305CDE2B4E65DE00E28FDA /* hello_worldUITests */ = {
			isa = PBXGroup;
			children = (
				71305CDF2B4E65DE00E28FDA /* hello_worldUITests.swift */,
				71305CE12B4E65DE00E28FDA /* hello_worldUITestsLaunchTests.swift */,
			);
			path = hello_worldUITests;
			sourceTree = "<group>";
		};
/* End PBXGroup section */

/* Begin PBXNativeTarget section */
		71305CBE2B4E65DC00E28FDA /* hello_world */ = {
			isa = PBXNativeTarget;
			buildConfigurationList = 71305CE52B4E65DE00E28FDA /* Build configuration list for PBXNativeTarget "hello_world" */;
			buildPhases = (
				71305CBB2B4E65DC00E28FDA /* Sources */,
				71305CBC2B4E65DC00E28FDA /* Frameworks */,
				71305CBD2B4E65DC00E28FDA /* Resources */,
			);
			buildRules = (
			);
			dependencies = (
			);
			name = hello_world;
			productName = hello_world;
			productReference = 71305CBF2B4E65DC00E28FDA /* hello_world.app */;
			productType = "com.apple.product-type.application";
		};
		71305CD02B4E65DE00E28FDA /* hello_worldTests */ = {
			isa = PBXNativeTarget;
			buildConfigurationList = 71305CE82B4E65DE00E28FDA /* Build configuration list for PBXNativeTarget "hello_worldTests" */;
			buildPhases = (
				71305CCD2B4E65DE00E28FDA /* Sources */,
				71305CCE2B4E65DE00E28FDA /* Frameworks */,
				71305CCF2B4E65DE00E28FDA /* Resources */,
			);
			buildRules = (
			);
			dependencies = (
				71305CD32B4E65DE00E28FDA /* PBXTargetDependency */,
			);
			name = hello_worldTests;
			productName = hello_worldTests;
			productReference = 71305CD12B4E65DE00E28FDA /* hello_worldTests.xctest */;
			productType = "com.apple.product-type.bundle.unit-test";
		};
		71305CDA2B4E65DE00E28FDA /* hello_worldUITests */ = {
			isa = PBXNativeTarget;
			buildConfigurationList = 71305CEB2B4E65DE00E28FDA /* Build configuration list for PBXNativeTarget "hello_worldUITests" */;
			buildPhases = (
				71305CD72B4E65DE00E28FDA /* Sources */,
				71305CD82B4E65DE00E28FDA /* Frameworks */,
				71305CD92B4E65DE00E28FDA /* Resources */,
			);
			buildRules = (
			);
			dependencies = (
				71305CDD2B4E65DE00E28FDA /* PBXTargetDependency */,
			);
			name = hello_worldUITests;
			productName = hello_worldUITests;
			productReference = 71305CDB2B4E65DE00E28FDA /* hello_worldUITests.xctest */;
			productType = "com.apple.product-type.bundle.ui-testing";
		};
/* End PBXNativeTarget section */

/* Begin PBXProject section */
		71305CB72B4E65DC00E28FDA /* Project object */ = {
			isa = PBXProject;
			attributes = {
				BuildIndependentTargetsInParallel = 1;
				KnownAssetTags = (
					New,
				);
				LastSwiftUpdateCheck = 1520;
				LastUpgradeCheck = 1520;
				TargetAttributes = {
					71305CBE2B4E65DC00E28FDA = {
						CreatedOnToolsVersion = 15.2;
					};
					71305CD02B4E65DE00E28FDA = {
						CreatedOnToolsVersion = 15.2;
						TestTargetID = 71305CBE2B4E65DC00E28FDA;
					};
					71305CDA2B4E65DE00E28FDA = {
						CreatedOnToolsVersion = 15.2;
						TestTargetID = 71305CBE2B4E65DC00E28FDA;
					};
				};
			};
			buildConfigurationList = 71305CBA2B4E65DC00E28FDA /* Build configuration list for PBXProject "hello_world" */;
			compatibilityVersion = "Xcode 14.0";
			developmentRegion = en;
			hasScannedForEncodings = 0;
			knownRegions = (
				en,
				Base,
			);
			mainGroup = 71305CB62B4E65DC00E28FDA;
			productRefGroup = 71305CC02B4E65DC00E28FDA /* Products */;
			projectDirPath = "";
			projectRoot = "";
			targets = (
				71305CBE2B4E65DC00E28FDA /* hello_world */,
				71305CD02B4E65DE00E28FDA /* hello_worldTests */,
				71305CDA2B4E65DE00E28FDA /* hello_worldUITests */,
			);
		};
/* End PBXProject section */

/* Begin PBXResourcesBuildPhase section */
		71305CBD2B4E65DC00E28FDA /* Resources */ = {
			isa = PBXResourcesBuildPhase;
			buildActionMask = 2147483647;
			files = (
				71305CCC2B4E65DD00E28FDA /* Preview Assets.xcassets in Resources */,
				71305CC92B4E65DD00E28FDA /* Assets.xcassets in Resources */,
			);
			runOnlyForDeploymentPostprocessing = 0;
		};
		71305CCF2B4E65DE00E28FDA /* Resources */ = {
			isa = PBXResourcesBuildPhase;
			buildActionMask = 2147483647;
			files = (
			);
			runOnlyForDeploymentPostprocessing = 0;
		};
		71305CD92B4E65DE00E28FDA /* Resources */ = {
			isa = PBXResourcesBuildPhase;
			buildActionMask = 2147483647;
			files = (
			);
			runOnlyForDeploymentPostprocessing = 0;
		};
/* End PBXResourcesBuildPhase section */

/* Begin PBXSourcesBuildPhase section */
		71305CBB2B4E65DC00E28FDA /* Sources */ = {
			isa = PBXSourcesBuildPhase;
			buildActionMask = 2147483647;
			files = (
				71319D932B5F059E007C253B /* WeatherViewModel.swift in Sources */,
				71319D8D2B5BD10B007C253B /* WeatherAPIService.swift in Sources */,
				71319D8F2B5BDE4B007C253B /* DataViewModel.swift in Sources */,
				71319D912B5C168D007C253B /* WeatherResponse.swift in Sources */,
				71305CC32B4E65DC00E28FDA /* hello_worldApp.swift in Sources */,
			);
			runOnlyForDeploymentPostprocessing = 0;
		};
		71305CCD2B4E65DE00E28FDA /* Sources */ = {
			isa = PBXSourcesBuildPhase;
			buildActionMask = 2147483647;
			files = (
				71305CD62B4E65DE00E28FDA /* hello_worldTests.swift in Sources */,
			);
			runOnlyForDeploymentPostprocessing = 0;
		};
		71305CD72B4E65DE00E28FDA /* Sources */ = {
			isa = PBXSourcesBuildPhase;
			buildActionMask = 2147483647;
			files = (
				71305CE22B4E65DE00E28FDA /* hello_worldUITestsLaunchTests.swift in Sources */,
				71305CE02B4E65DE00E28FDA /* hello_worldUITests.swift in Sources */,
			);
			runOnlyForDeploymentPostprocessing = 0;
		};
/* End PBXSourcesBuildPhase section */

/* Begin PBXTargetDependency section */
		71305CD32B4E65DE00E28FDA /* PBXTargetDependency */ = {
			isa = PBXTargetDependency;
			target = 71305CBE2B4E65DC00E28FDA /* hello_world */;
			targetProxy = 71305CD22B4E65DE00E28FDA /* PBXContainerItemProxy */;
		};
		71305CDD2B4E65DE00E28FDA /* PBXTargetDependency */ = {
			isa = PBXTargetDependency;
			target = 71305CBE2B4E65DC00E28FDA /* hello_world */;
			targetProxy = 71305CDC2B4E65DE00E28FDA /* PBXContainerItemProxy */;
		};
/* End PBXTargetDependency section */

/* Begin XCBuildConfiguration section */
		71305CE32B4E65DE00E28FDA /* Debug */ = {
			isa = XCBuildConfiguration;
			buildSettings = {
				ALWAYS_SEARCH_USER_PATHS = NO;
				ASSETCATALOG_COMPILER_GENERATE_SWIFT_ASSET_SYMBOL_EXTENSIONS = YES;
				CLANG_ANALYZER_NONNULL = YES;
				CLANG_ANALYZER_NUMBER_OBJECT_CONVERSION = YES_AGGRESSIVE;
				CLANG_CXX_LANGUAGE_STANDARD = "gnu++20";
				CLANG_ENABLE_MODULES = YES;
				CLANG_ENABLE_OBJC_ARC = YES;
				CLANG_ENABLE_OBJC_WEAK = YES;
				CLANG_WARN_BLOCK_CAPTURE_AUTORELEASING = YES;
				CLANG_WARN_BOOL_CONVERSION = YES;
				CLANG_WARN_COMMA = YES;
				CLANG_WARN_CONSTANT_CONVERSION = YES;
				CLANG_WARN_DEPRECATED_OBJC_IMPLEMENTATIONS = YES;
				CLANG_WARN_DIRECT_OBJC_ISA_USAGE = YES_ERROR;
				CLANG_WARN_DOCUMENTATION_COMMENTS = YES;
				CLANG_WARN_EMPTY_BODY = YES;
				CLANG_WARN_ENUM_CONVERSION = YES;
				CLANG_WARN_INFINITE_RECURSION = YES;
				CLANG_WARN_INT_CONVERSION = YES;
				CLANG_WARN_NON_LITERAL_NULL_CONVERSION = YES;
				CLANG_WARN_OBJC_IMPLICIT_RETAIN_SELF = YES;
				CLANG_WARN_OBJC_LITERAL_CONVERSION = YES;
				CLANG_WARN_OBJC_ROOT_CLASS = YES_ERROR;
				CLANG_WARN_QUOTED_INCLUDE_IN_FRAMEWORK_HEADER = YES;
				CLANG_WARN_RANGE_LOOP_ANALYSIS = YES;
				CLANG_WARN_STRICT_PROTOTYPES = YES;
				CLANG_WARN_SUSPICIOUS_MOVE = YES;
				CLANG_WARN_UNGUARDED_AVAILABILITY = YES_AGGRESSIVE;
				CLANG_WARN_UNREACHABLE_CODE = YES;
				CLANG_WARN__DUPLICATE_METHOD_MATCH = YES;
				COPY_PHASE_STRIP = NO;
				DEBUG_INFORMATION_FORMAT = dwarf;
				ENABLE_STRICT_OBJC_MSGSEND = YES;
				ENABLE_TESTABILITY = YES;
				ENABLE_USER_SCRIPT_SANDBOXING = YES;
				GCC_C_LANGUAGE_STANDARD = gnu17;
				GCC_DYNAMIC_NO_PIC = NO;
				GCC_NO_COMMON_BLOCKS = YES;
				GCC_OPTIMIZATION_LEVEL = 0;
				GCC_PREPROCESSOR_DEFINITIONS = (
					"DEBUG=1",
					"$(inherited)",
				);
				GCC_WARN_64_TO_32_BIT_CONVERSION = YES;
				GCC_WARN_ABOUT_RETURN_TYPE = YES_ERROR;
				GCC_WARN_UNDECLARED_SELECTOR = YES;
				GCC_WARN_UNINITIALIZED_AUTOS = YES_AGGRESSIVE;
				GCC_WARN_UNUSED_FUNCTION = YES;
				GCC_WARN_UNUSED_VARIABLE = YES;
				IPHONEOS_DEPLOYMENT_TARGET = 17.2;
				LOCALIZATION_PREFERS_STRING_CATALOGS = YES;
				MTL_ENABLE_DEBUG_INFO = INCLUDE_SOURCE;
				MTL_FAST_MATH = YES;
				ONLY_ACTIVE_ARCH = YES;
				SDKROOT = iphoneos;
				SWIFT_ACTIVE_COMPILATION_CONDITIONS = "DEBUG $(inherited)";
				SWIFT_OPTIMIZATION_LEVEL = "-Onone";
			};
			name = Debug;
		};
		71305CE42B4E65DE00E28FDA /* Release */ = {
			isa = XCBuildConfiguration;
			buildSettings = {
				ALWAYS_SEARCH_USER_PATHS = NO;
				ASSETCATALOG_COMPILER_GENERATE_SWIFT_ASSET_SYMBOL_EXTENSIONS = YES;
				CLANG_ANALYZER_NONNULL = YES;
				CLANG_ANALYZER_NUMBER_OBJECT_CONVERSION = YES_AGGRESSIVE;
				CLANG_CXX_LANGUAGE_STANDARD = "gnu++20";
				CLANG_ENABLE_MODULES = YES;
				CLANG_ENABLE_OBJC_ARC = YES;
				CLANG_ENABLE_OBJC_WEAK = YES;
				CLANG_WARN_BLOCK_CAPTURE_AUTORELEASING = YES;
				CLANG_WARN_BOOL_CONVERSION = YES;
				CLANG_WARN_COMMA = YES;
				CLANG_WARN_CONSTANT_CONVERSION = YES;
				CLANG_WARN_DEPRECATED_OBJC_IMPLEMENTATIONS = YES;
				CLANG_WARN_DIRECT_OBJC_ISA_USAGE = YES_ERROR;
				CLANG_WARN_DOCUMENTATION_COMMENTS = YES;
				CLANG_WARN_EMPTY_BODY = YES;
				CLANG_WARN_ENUM_CONVERSION = YES;
				CLANG_WARN_INFINITE_RECURSION = YES;
				CLANG_WARN_INT_CONVERSION = YES;
				CLANG_WARN_NON_LITERAL_NULL_CONVERSION = YES;
				CLANG_WARN_OBJC_IMPLICIT_RETAIN_SELF = YES;
				CLANG_WARN_OBJC_LITERAL_CONVERSION = YES;
				CLANG_WARN_OBJC_ROOT_CLASS = YES_ERROR;
				CLANG_WARN_QUOTED_INCLUDE_IN_FRAMEWORK_HEADER = YES;
				CLANG_WARN_RANGE_LOOP_ANALYSIS = YES;
				CLANG_WARN_STRICT_PROTOTYPES = YES;
				CLANG_WARN_SUSPICIOUS_MOVE = YES;
				CLANG_WARN_UNGUARDED_AVAILABILITY = YES_AGGRESSIVE;
				CLANG_WARN_UNREACHABLE_CODE = YES;
				CLANG_WARN__DUPLICATE_METHOD_MATCH = YES;
				COPY_PHASE_STRIP = NO;
				DEBUG_INFORMATION_FORMAT = "dwarf-with-dsym";
				ENABLE_NS_ASSERTIONS = NO;
				ENABLE_STRICT_OBJC_MSGSEND = YES;
				ENABLE_USER_SCRIPT_SANDBOXING = YES;
				GCC_C_LANGUAGE_STANDARD = gnu17;
				GCC_NO_COMMON_BLOCKS = YES;
				GCC_WARN_64_TO_32_BIT_CONVERSION = YES;
				GCC_WARN_ABOUT_RETURN_TYPE = YES_ERROR;
				GCC_WARN_UNDECLARED_SELECTOR = YES;
				GCC_WARN_UNINITIALIZED_AUTOS = YES_AGGRESSIVE;
				GCC_WARN_UNUSED_FUNCTION = YES;
				GCC_WARN_UNUSED_VARIABLE = YES;
				IPHONEOS_DEPLOYMENT_TARGET = 17.2;
				LOCALIZATION_PREFERS_STRING_CATALOGS = YES;
				MTL_ENABLE_DEBUG_INFO = NO;
				MTL_FAST_MATH = YES;
				SDKROOT = iphoneos;
				SWIFT_COMPILATION_MODE = wholemodule;
				VALIDATE_PRODUCT = YES;
			};
			name = Release;
		};
		71305CE62B4E65DE00E28FDA /* Debug */ = {
			isa = XCBuildConfiguration;
			buildSettings = {
				ASSETCATALOG_COMPILER_APPICON_NAME = AppIcon;
				ASSETCATALOG_COMPILER_GLOBAL_ACCENT_COLOR_NAME = AccentColor;
				CODE_SIGN_STYLE = Automatic;
				CURRENT_PROJECT_VERSION = 1;
				DEVELOPMENT_ASSET_PATHS = "\"hello_world/Preview Content\"";
				ENABLE_PREVIEWS = YES;
				GENERATE_INFOPLIST_FILE = YES;
				INFOPLIST_FILE = "hello-world-Info.plist";
				INFOPLIST_KEY_LSApplicationCategoryType = "";
				INFOPLIST_KEY_UIApplicationSceneManifest_Generation = YES;
				INFOPLIST_KEY_UIApplicationSupportsIndirectInputEvents = YES;
				INFOPLIST_KEY_UILaunchScreen_Generation = YES;
				INFOPLIST_KEY_UISupportedInterfaceOrientations_iPad = "UIInterfaceOrientationPortrait UIInterfaceOrientationPortraitUpsideDown UIInterfaceOrientationLandscapeLeft UIInterfaceOrientationLandscapeRight";
				INFOPLIST_KEY_UISupportedInterfaceOrientations_iPhone = "UIInterfaceOrientationPortrait UIInterfaceOrientationLandscapeLeft UIInterfaceOrientationLandscapeRight";
				LD_RUNPATH_SEARCH_PATHS = (
					"$(inherited)",
					"@executable_path/Frameworks",
				);
				MARKETING_VERSION = 1.0;
				PRODUCT_BUNDLE_IDENTIFIER = "tanovait.hello-world";
				PRODUCT_NAME = "$(TARGET_NAME)";
				SWIFT_EMIT_LOC_STRINGS = YES;
				SWIFT_VERSION = 5.0;
				TARGETED_DEVICE_FAMILY = "1,2";
			};
			name = Debug;
		};
		71305CE72B4E65DE00E28FDA /* Release */ = {
			isa = XCBuildConfiguration;
			buildSettings = {
				ASSETCATALOG_COMPILER_APPICON_NAME = AppIcon;
				ASSETCATALOG_COMPILER_GLOBAL_ACCENT_COLOR_NAME = AccentColor;
				CODE_SIGN_STYLE = Automatic;
				CURRENT_PROJECT_VERSION = 1;
				DEVELOPMENT_ASSET_PATHS = "\"hello_world/Preview Content\"";
				ENABLE_PREVIEWS = YES;
				GENERATE_INFOPLIST_FILE = YES;
				INFOPLIST_FILE = "hello-world-Info.plist";
				INFOPLIST_KEY_LSApplicationCategoryType = "";
				INFOPLIST_KEY_UIApplicationSceneManifest_Generation = YES;
				INFOPLIST_KEY_UIApplicationSupportsIndirectInputEvents = YES;
				INFOPLIST_KEY_UILaunchScreen_Generation = YES;
				INFOPLIST_KEY_UISupportedInterfaceOrientations_iPad = "UIInterfaceOrientationPortrait UIInterfaceOrientationPortraitUpsideDown UIInterfaceOrientationLandscapeLeft UIInterfaceOrientationLandscapeRight";
				INFOPLIST_KEY_UISupportedInterfaceOrientations_iPhone = "UIInterfaceOrientationPortrait UIInterfaceOrientationLandscapeLeft UIInterfaceOrientationLandscapeRight";
				LD_RUNPATH_SEARCH_PATHS = (
					"$(inherited)",
					"@executable_path/Frameworks",
				);
				MARKETING_VERSION = 1.0;
				PRODUCT_BUNDLE_IDENTIFIER = "tanovait.hello-world";
				PRODUCT_NAME = "$(TARGET_NAME)";
				SWIFT_EMIT_LOC_STRINGS = YES;
				SWIFT_VERSION = 5.0;
				TARGETED_DEVICE_FAMILY = "1,2";
			};
			name = Release;
		};
		71305CE92B4E65DE00E28FDA /* Debug */ = {
			isa = XCBuildConfiguration;
			buildSettings = {
				ALWAYS_EMBED_SWIFT_STANDARD_LIBRARIES = YES;
				BUNDLE_LOADER = "$(TEST_HOST)";
				CODE_SIGN_STYLE = Automatic;
				CURRENT_PROJECT_VERSION = 1;
				GENERATE_INFOPLIST_FILE = YES;
				IPHONEOS_DEPLOYMENT_TARGET = 17.2;
				MARKETING_VERSION = 1.0;
				PRODUCT_BUNDLE_IDENTIFIER = "tanovait.hello-worldTests";
				PRODUCT_NAME = "$(TARGET_NAME)";
				SWIFT_EMIT_LOC_STRINGS = NO;
				SWIFT_VERSION = 5.0;
				TARGETED_DEVICE_FAMILY = "1,2";
				TEST_HOST = "$(BUILT_PRODUCTS_DIR)/hello_world.app/$(BUNDLE_EXECUTABLE_FOLDER_PATH)/hello_world";
			};
			name = Debug;
		};
		71305CEA2B4E65DE00E28FDA /* Release */ = {
			isa = XCBuildConfiguration;
			buildSettings = {
				ALWAYS_EMBED_SWIFT_STANDARD_LIBRARIES = YES;
				BUNDLE_LOADER = "$(TEST_HOST)";
				CODE_SIGN_STYLE = Automatic;
				CURRENT_PROJECT_VERSION = 1;
				GENERATE_INFOPLIST_FILE = YES;
				IPHONEOS_DEPLOYMENT_TARGET = 17.2;
				MARKETING_VERSION = 1.0;
				PRODUCT_BUNDLE_IDENTIFIER = "tanovait.hello-worldTests";
				PRODUCT_NAME = "$(TARGET_NAME)";
				SWIFT_EMIT_LOC_STRINGS = NO;
				SWIFT_VERSION = 5.0;
				TARGETED_DEVICE_FAMILY = "1,2";
				TEST_HOST = "$(BUILT_PRODUCTS_DIR)/hello_world.app/$(BUNDLE_EXECUTABLE_FOLDER_PATH)/hello_world";
			};
			name = Release;
		};
		71305CEC2B4E65DE00E28FDA /* Debug */ = {
			isa = XCBuildConfiguration;
			buildSettings = {
				ALWAYS_EMBED_SWIFT_STANDARD_LIBRARIES = YES;
				CODE_SIGN_STYLE = Automatic;
				CURRENT_PROJECT_VERSION = 1;
				GENERATE_INFOPLIST_FILE = YES;
				MARKETING_VERSION = 1.0;
				PRODUCT_BUNDLE_IDENTIFIER = "tanovait.hello-worldUITests";
				PRODUCT_NAME = "$(TARGET_NAME)";
				SWIFT_EMIT_LOC_STRINGS = NO;
				SWIFT_VERSION = 5.0;
				TARGETED_DEVICE_FAMILY = "1,2";
				TEST_TARGET_NAME = hello_world;
			};
			name = Debug;
		};
		71305CED2B4E65DE00E28FDA /* Release */ = {
			isa = XCBuildConfiguration;
			buildSettings = {
				ALWAYS_EMBED_SWIFT_STANDARD_LIBRARIES = YES;
				CODE_SIGN_STYLE = Automatic;
				CURRENT_PROJECT_VERSION = 1;
				GENERATE_INFOPLIST_FILE = YES;
				MARKETING_VERSION = 1.0;
				PRODUCT_BUNDLE_IDENTIFIER = "tanovait.hello-worldUITests";
				PRODUCT_NAME = "$(TARGET_NAME)";
				SWIFT_EMIT_LOC_STRINGS = NO;
				SWIFT_VERSION = 5.0;
				TARGETED_DEVICE_FAMILY = "1,2";
				TEST_TARGET_NAME = hello_world;
			};
			name = Release;
		};
/* End XCBuildConfiguration section */

/* Begin XCConfigurationList section */
		71305CBA2B4E65DC00E28FDA /* Build configuration list for PBXProject "hello_world" */ = {
			isa = XCConfigurationList;
			buildConfigurations = (
				71305CE32B4E65DE00E28FDA /* Debug */,
				71305CE42B4E65DE00E28FDA /* Release */,
			);
			defaultConfigurationIsVisible = 0;
			defaultConfigurationName = Release;
		};
		71305CE52B4E65DE00E28FDA /* Build configuration list for PBXNativeTarget "hello_world" */ = {
			isa = XCConfigurationList;
			buildConfigurations = (
				71305CE62B4E65DE00E28FDA /* Debug */,
				71305CE72B4E65DE00E28FDA /* Release */,
			);
			defaultConfigurationIsVisible = 0;
			defaultConfigurationName = Release;
		};
		71305CE82B4E65DE00E28FDA /* Build configuration list for PBXNativeTarget "hello_worldTests" */ = {
			isa = XCConfigurationList;
			buildConfigurations = (
				71305CE92B4E65DE00E28FDA /* Debug */,
				71305CEA2B4E65DE00E28FDA /* Release */,
			);
			defaultConfigurationIsVisible = 0;
			defaultConfigurationName = Release;
		};
		71305CEB2B4E65DE00E28FDA /* Build configuration list for PBXNativeTarget "hello_worldUITests" */ = {
			isa = XCConfigurationList;
			buildConfigurations = (
				71305CEC2B4E65DE00E28FDA /* Debug */,
				71305CED2B4E65DE00E28FDA /* Release */,
			);
			defaultConfigurationIsVisible = 0;
			defaultConfigurationName = Release;
		};
/* End XCConfigurationList section */
	};
	rootObject = 71305CB72B4E65DC00E28FDA /* Project object */;
}
